
Microsoft Visual Studio Solution File, Format Version 12.00
# Visual Studio Version 16
VisualStudioVersion = 16.0.30413.136
MinimumVisualStudioVersion = 10.0.40219.1
Project("{FAE04EC0-301F-11D3-BF4B-00C04F79EFBC}") = "TemplateSample3", "TemplateSample3\TemplateSample3.csproj", "{586E0BD9-05A4-4320-984D-66596EDF2A3B}"
EndProject
Global
	GlobalSection(SolutionConfigurationPlatforms) = preSolution
		Debug|Any CPU = Debug|Any CPU
		Release|Any CPU = Release|Any CPU
	EndGlobalSection
	GlobalSection(ProjectConfigurationPlatforms) = postSolution
		{586E0BD9-05A4-4320-984D-66596EDF2A3B}.Debug|Any CPU.ActiveCfg = Debug|Any CPU
		{586E0BD9-05A4-4320-984D-66596EDF2A3B}.Debug|Any CPU.Build.0 = Debug|Any CPU
		{586E0BD9-05A4-4320-984D-66596EDF2A3B}.Release|Any CPU.ActiveCfg = Release|Any CPU
		{586E0BD9-05A4-4320-984D-66596EDF2A3B}.Release|Any CPU.Build.0 = Release|Any CPU
	EndGlobalSection
	GlobalSection(SolutionProperties) = preSolution
		HideSolutionNode = FALSE
	EndGlobalSection
	GlobalSection(ExtensibilityGlobals) = postSolution
		SolutionGuid = {47568A98-FC19-418C-80F8-320B3AC5120E}
	EndGlobalSection
EndGlobal
